// !$*UTF8*$!
{
	archiveVersion = 1;
	classes = {
	};
	objectVersion = 55;
	objects = {

/* Begin PBXBuildFile section */
		D827244227E490F500F8CD29 /* TestCoreMLApp.swift in Sources */ = {isa = PBXBuildFile; fileRef = D827244127E490F500F8CD29 /* TestCoreMLApp.swift */; };
		D827244427E490F500F8CD29 /* ContentView.swift in Sources */ = {isa = PBXBuildFile; fileRef = D827244327E490F500F8CD29 /* ContentView.swift */; };
		D827244627E490F500F8CD29 /* Assets.xcassets in Resources */ = {isa = PBXBuildFile; fileRef = D827244527E490F500F8CD29 /* Assets.xcassets */; };
		D827244927E490F500F8CD29 /* Preview Assets.xcassets in Resources */ = {isa = PBXBuildFile; fileRef = D827244827E490F500F8CD29 /* Preview Assets.xcassets */; };
		D827245127E491AB00F8CD29 /* InputFeatureProvider.swift in Sources */ = {isa = PBXBuildFile; fileRef = D827245027E491AB00F8CD29 /* InputFeatureProvider.swift */; };
		D827245327E4921100F8CD29 /* MLProvider.swift in Sources */ = {isa = PBXBuildFile; fileRef = D827245227E4921100F8CD29 /* MLProvider.swift */; };
		D827245627E493C700F8CD29 /* SampleMLModel.mlmodel in Sources */ = {isa = PBXBuildFile; fileRef = D827245527E493C700F8CD29 /* SampleMLModel.mlmodel */; };
/* End PBXBuildFile section */

/* Begin PBXFileReference section */
		D827243E27E490F500F8CD29 /* TestCoreML.app */ = {isa = PBXFileReference; explicitFileType = wrapper.application; includeInIndex = 0; path = TestCoreML.app; sourceTree = BUILT_PRODUCTS_DIR; };
		D827244127E490F500F8CD29 /* TestCoreMLApp.swift */ = {isa = PBXFileReference; lastKnownFileType = sourcecode.swift; path = TestCoreMLApp.swift; sourceTree = "<group>"; };
		D827244327E490F500F8CD29 /* ContentView.swift */ = {isa = PBXFileReference; lastKnownFileType = sourcecode.swift; path = ContentView.swift; sourceTree = "<group>"; };
		D827244527E490F500F8CD29 /* Assets.xcassets */ = {isa = PBXFileReference; lastKnownFileType = folder.assetcatalog; path = Assets.xcassets; sourceTree = "<group>"; };
		D827244827E490F500F8CD29 /* Preview Assets.xcassets */ = {isa = PBXFileReference; lastKnownFileType = folder.assetcatalog; path = "Preview Assets.xcassets"; sourceTree = "<group>"; };
		D827245027E491AB00F8CD29 /* InputFeatureProvider.swift */ = {isa = PBXFileReference; lastKnownFileType = sourcecode.swift; path = InputFeatureProvider.swift; sourceTree = "<group>"; };
		D827245227E4921100F8CD29 /* MLProvider.swift */ = {isa = PBXFileReference; lastKnownFileType = sourcecode.swift; path = MLProvider.swift; sourceTree = "<group>"; };
		D827245527E493C700F8CD29 /* SampleMLModel.mlmodel */ = {isa = PBXFileReference; lastKnownFileType = file.mlmodel; path = SampleMLModel.mlmodel; sourceTree = "<group>"; };
/* End PBXFileReference section */

/* Begin PBXFrameworksBuildPhase section */
		D827243B27E490F500F8CD29 /* Frameworks */ = {
			isa = PBXFrameworksBuildPhase;
			buildActionMask = 2147483647;
			files = (
			);
			runOnlyForDeploymentPostprocessing = 0;
		};
/* End PBXFrameworksBuildPhase section */

/* Begin PBXGroup section */
		D827243527E490F500F8CD29 = {
			isa = PBXGroup;
			children = (
				D827244027E490F500F8CD29 /* TestCoreML */,
				D827243F27E490F500F8CD29 /* Products */,
			);
			sourceTree = "<group>";
		};
		D827243F27E490F500F8CD29 /* Products */ = {
			isa = PBXGroup;
			children = (
				D827243E27E490F500F8CD29 /* TestCoreML.app */,
			);
			name = Products;
			sourceTree = "<group>";
		};
		D827244027E490F500F8CD29 /* TestCoreML */ = {
			isa = PBXGroup;
			children = (
				D827245427E493C700F8CD29 /* MLModel */,
				D827244127E490F500F8CD29 /* TestCoreMLApp.swift */,
				D827244327E490F500F8CD29 /* ContentView.swift */,
				D827244F27E4919800F8CD29 /* CoreML */,
				D827244527E490F500F8CD29 /* Assets.xcassets */,
				D827244727E490F500F8CD29 /* Preview Content */,
			);
			path = TestCoreML;
			sourceTree = "<group>";
		};
		D827244727E490F500F8CD29 /* Preview Content */ = {
			isa = PBXGroup;
			children = (
				D827244827E490F500F8CD29 /* Preview Assets.xcassets */,
			);
			path = "Preview Content";
			sourceTree = "<group>";
		};
		D827244F27E4919800F8CD29 /* CoreML */ = {
			isa = PBXGroup;
			children = (
				D827245027E491AB00F8CD29 /* InputFeatureProvider.swift */,
				D827245227E4921100F8CD29 /* MLProvider.swift */,
			);
			path = CoreML;
			sourceTree = "<group>";
		};
		D827245427E493C700F8CD29 /* MLModel */ = {
			isa = PBXGroup;
			children = (
				D827245527E493C700F8CD29 /* SampleMLModel.mlmodel */,
			);
			path = MLModel;
			sourceTree = "<group>";
		};
/* End PBXGroup section */

/* Begin PBXNativeTarget section */
		D827243D27E490F500F8CD29 /* TestCoreML */ = {
			isa = PBXNativeTarget;
			buildConfigurationList = D827244C27E490F500F8CD29 /* Build configuration list for PBXNativeTarget "TestCoreML" */;
			buildPhases = (
				D827243A27E490F500F8CD29 /* Sources */,
				D827243B27E490F500F8CD29 /* Frameworks */,
				D827243C27E490F500F8CD29 /* Resources */,
			);
			buildRules = (
			);
			dependencies = (
			);
			name = TestCoreML;
			productName = TestCoreML;
			productReference = D827243E27E490F500F8CD29 /* TestCoreML.app */;
			productType = "com.apple.product-type.application";
		};
/* End PBXNativeTarget section */

/* Begin PBXProject section */
		D827243627E490F500F8CD29 /* Project object */ = {
			isa = PBXProject;
			attributes = {
				BuildIndependentTargetsInParallel = 1;
				LastSwiftUpdateCheck = 1300;
				LastUpgradeCheck = 1300;
				TargetAttributes = {
					D827243D27E490F500F8CD29 = {
						CreatedOnToolsVersion = 13.0;
					};
				};
			};
			buildConfigurationList = D827243927E490F500F8CD29 /* Build configuration list for PBXProject "TestCoreML" */;
			compatibilityVersion = "Xcode 13.0";
			developmentRegion = en;
			hasScannedForEncodings = 0;
			knownRegions = (
				en,
				Base,
			);
			mainGroup = D827243527E490F500F8CD29;
			productRefGroup = D827243F27E490F500F8CD29 /* Products */;
			projectDirPath = "";
			projectRoot = "";
			targets = (
				D827243D27E490F500F8CD29 /* TestCoreML */,
			);
		};
/* End PBXProject section */

/* Begin PBXResourcesBuildPhase section */
		D827243C27E490F500F8CD29 /* Resources */ = {
			isa = PBXResourcesBuildPhase;
			buildActionMask = 2147483647;
			files = (
				D827244927E490F500F8CD29 /* Preview Assets.xcassets in Resources */,
				D827244627E490F500F8CD29 /* Assets.xcassets in Resources */,
			);
			runOnlyForDeploymentPostprocessing = 0;
		};
/* End PBXResourcesBuildPhase section */

/* Begin PBXSourcesBuildPhase section */
		D827243A27E490F500F8CD29 /* Sources */ = {
			isa = PBXSourcesBuildPhase;
			buildActionMask = 2147483647;
			files = (
				D827245627E493C700F8CD29 /* SampleMLModel.mlmodel in Sources */,
				D827245127E491AB00F8CD29 /* InputFeatureProvider.swift in Sources */,
				D827244427E490F500F8CD29 /* ContentView.swift in Sources */,
				D827244227E490F500F8CD29 /* TestCoreMLApp.swift in Sources */,
				D827245327E4921100F8CD29 /* MLProvider.swift in Sources */,
			);
			runOnlyForDeploymentPostprocessing = 0;
		};
/* End PBXSourcesBuildPhase section */

/* Begin XCBuildConfiguration section */
		D827244A27E490F500F8CD29 /* Debug */ = {
			isa = XCBuildConfiguration;
			buildSettings = {
				ALWAYS_SEARCH_USER_PATHS = NO;
				CLANG_ANALYZER_NONNULL = YES;
				CLANG_ANALYZER_NUMBER_OBJECT_CONVERSION = YES_AGGRESSIVE;
				CLANG_CXX_LANGUAGE_STANDARD = "gnu++17";
				CLANG_CXX_LIBRARY = "libc++";
				CLANG_ENABLE_MODULES = YES;
				CLANG_ENABLE_OBJC_ARC = YES;
				CLANG_ENABLE_OBJC_WEAK = YES;
				CLANG_WARN_BLOCK_CAPTURE_AUTORELEASING = YES;
				CLANG_WARN_BOOL_CONVERSION = YES;
				CLANG_WARN_COMMA = YES;
				CLANG_WARN_CONSTANT_CONVERSION = YES;
				CLANG_WARN_DEPRECATED_OBJC_IMPLEMENTATIONS = YES;
				CLANG_WARN_DIRECT_OBJC_ISA_USAGE = YES_ERROR;
				CLANG_WARN_DOCUMENTATION_COMMENTS = YES;
				CLANG_WARN_EMPTY_BODY = YES;
				CLANG_WARN_ENUM_CONVERSION = YES;
				CLANG_WARN_INFINITE_RECURSION = YES;
				CLANG_WARN_INT_CONVERSION = YES;
				CLANG_WARN_NON_LITERAL_NULL_CONVERSION = YES;
				CLANG_WARN_OBJC_IMPLICIT_RETAIN_SELF = YES;
				CLANG_WARN_OBJC_LITERAL_CONVERSION = YES;
				CLANG_WARN_OBJC_ROOT_CLASS = YES_ERROR;
				CLANG_WARN_QUOTED_INCLUDE_IN_FRAMEWORK_HEADER = YES;
				CLANG_WARN_RANGE_LOOP_ANALYSIS = YES;
				CLANG_WARN_STRICT_PROTOTYPES = YES;
				CLANG_WARN_SUSPICIOUS_MOVE = YES;
				CLANG_WARN_UNGUARDED_AVAILABILITY = YES_AGGRESSIVE;
				CLANG_WARN_UNREACHABLE_CODE = YES;
				CLANG_WARN__DUPLICATE_METHOD_MATCH = YES;
				COPY_PHASE_STRIP = NO;
				DEBUG_INFORMATION_FORMAT = dwarf;
				ENABLE_STRICT_OBJC_MSGSEND = YES;
				ENABLE_TESTABILITY = YES;
				GCC_C_LANGUAGE_STANDARD = gnu11;
				GCC_DYNAMIC_NO_PIC = NO;
				GCC_NO_COMMON_BLOCKS = YES;
				GCC_OPTIMIZATION_LEVEL = 0;
				GCC_PREPROCESSOR_DEFINITIONS = (
					"DEBUG=1",
					"$(inherited)",
				);
				GCC_WARN_64_TO_32_BIT_CONVERSION = YES;
				GCC_WARN_ABOUT_RETURN_TYPE = YES_ERROR;
				GCC_WARN_UNDECLARED_SELECTOR = YES;
				GCC_WARN_UNINITIALIZED_AUTOS = YES_AGGRESSIVE;
				GCC_WARN_UNUSED_FUNCTION = YES;
				GCC_WARN_UNUSED_VARIABLE = YES;
				IPHONEOS_DEPLOYMENT_TARGET = 15.0;
				MTL_ENABLE_DEBUG_INFO = INCLUDE_SOURCE;
				MTL_FAST_MATH = YES;
				ONLY_ACTIVE_ARCH = YES;
				SDKROOT = iphoneos;
				SWIFT_ACTIVE_COMPILATION_CONDITIONS = DEBUG;
				SWIFT_OPTIMIZATION_LEVEL = "-Onone";
			};
			name = Debug;
		};
		D827244B27E490F500F8CD29 /* Release */ = {
			isa = XCBuildConfiguration;
			buildSettings = {
				ALWAYS_SEARCH_USER_PATHS = NO;
				CLANG_ANALYZER_NONNULL = YES;
				CLANG_ANALYZER_NUMBER_OBJECT_CONVERSION = YES_AGGRESSIVE;
				CLANG_CXX_LANGUAGE_STANDARD = "gnu++17";
				CLANG_CXX_LIBRARY = "libc++";
				CLANG_ENABLE_MODULES = YES;
				CLANG_ENABLE_OBJC_ARC = YES;
				CLANG_ENABLE_OBJC_WEAK = YES;
				CLANG_WARN_BLOCK_CAPTURE_AUTORELEASING = YES;
				CLANG_WARN_BOOL_CONVERSION = YES;
				CLANG_WARN_COMMA = YES;
				CLANG_WARN_CONSTANT_CONVERSION = YES;
				CLANG_WARN_DEPRECATED_OBJC_IMPLEMENTATIONS = YES;
				CLANG_WARN_DIRECT_OBJC_ISA_USAGE = YES_ERROR;
				CLANG_WARN_DOCUMENTATION_COMMENTS = YES;
				CLANG_WARN_EMPTY_BODY = YES;
				CLANG_WARN_ENUM_CONVERSION = YES;
				CLANG_WARN_INFINITE_RECURSION = YES;
				CLANG_WARN_INT_CONVERSION = YES;
				CLANG_WARN_NON_LITERAL_NULL_CONVERSION = YES;
				CLANG_WARN_OBJC_IMPLICIT_RETAIN_SELF = YES;
				CLANG_WARN_OBJC_LITERAL_CONVERSION = YES;
				CLANG_WARN_OBJC_ROOT_CLASS = YES_ERROR;
				CLANG_WARN_QUOTED_INCLUDE_IN_FRAMEWORK_HEADER = YES;
				CLANG_WARN_RANGE_LOOP_ANALYSIS = YES;
				CLANG_WARN_STRICT_PROTOTYPES = YES;
				CLANG_WARN_SUSPICIOUS_MOVE = YES;
				CLANG_WARN_UNGUARDED_AVAILABILITY = YES_AGGRESSIVE;
				CLANG_WARN_UNREACHABLE_CODE = YES;
				CLANG_WARN__DUPLICATE_METHOD_MATCH = YES;
				COPY_PHASE_STRIP = NO;
				DEBUG_INFORMATION_FORMAT = "dwarf-with-dsym";
				ENABLE_NS_ASSERTIONS = NO;
				ENABLE_STRICT_OBJC_MSGSEND = YES;
				GCC_C_LANGUAGE_STANDARD = gnu11;
				GCC_NO_COMMON_BLOCKS = YES;
				GCC_WARN_64_TO_32_BIT_CONVERSION = YES;
				GCC_WARN_ABOUT_RETURN_TYPE = YES_ERROR;
				GCC_WARN_UNDECLARED_SELECTOR = YES;
				GCC_WARN_UNINITIALIZED_AUTOS = YES_AGGRESSIVE;
				GCC_WARN_UNUSED_FUNCTION = YES;
				GCC_WARN_UNUSED_VARIABLE = YES;
				IPHONEOS_DEPLOYMENT_TARGET = 15.0;
				MTL_ENABLE_DEBUG_INFO = NO;
				MTL_FAST_MATH = YES;
				SDKROOT = iphoneos;
				SWIFT_COMPILATION_MODE = wholemodule;
				SWIFT_OPTIMIZATION_LEVEL = "-O";
				VALIDATE_PRODUCT = YES;
			};
			name = Release;
		};
		D827244D27E490F500F8CD29 /* Debug */ = {
			isa = XCBuildConfiguration;
			buildSettings = {
				ASSETCATALOG_COMPILER_APPICON_NAME = AppIcon;
				ASSETCATALOG_COMPILER_GLOBAL_ACCENT_COLOR_NAME = AccentColor;
				CODE_SIGN_STYLE = Automatic;
				CURRENT_PROJECT_VERSION = 1;
				DEVELOPMENT_ASSET_PATHS = "\"TestCoreML/Preview Content\"";
				DEVELOPMENT_TEAM = H73D53UH2D;
				ENABLE_PREVIEWS = YES;
				GENERATE_INFOPLIST_FILE = YES;
				INFOPLIST_KEY_UIApplicationSceneManifest_Generation = YES;
				INFOPLIST_KEY_UIApplicationSupportsIndirectInputEvents = YES;
				INFOPLIST_KEY_UILaunchScreen_Generation = YES;
				INFOPLIST_KEY_UISupportedInterfaceOrientations_iPad = "UIInterfaceOrientationPortrait UIInterfaceOrientationPortraitUpsideDown UIInterfaceOrientationLandscapeLeft UIInterfaceOrientationLandscapeRight";
				INFOPLIST_KEY_UISupportedInterfaceOrientations_iPhone = "UIInterfaceOrientationPortrait UIInterfaceOrientationLandscapeLeft UIInterfaceOrientationLandscapeRight";
				IPHONEOS_DEPLOYMENT_TARGET = 14.0;
				LD_RUNPATH_SEARCH_PATHS = (
					"$(inherited)",
					"@executable_path/Frameworks",
				);
				MARKETING_VERSION = 1.0;
				PRODUCT_BUNDLE_IDENTIFIER = com.dhilip.TestCoreML;
				PRODUCT_NAME = "$(TARGET_NAME)";
				SWIFT_EMIT_LOC_STRINGS = YES;
				SWIFT_VERSION = 5.0;
				TARGETED_DEVICE_FAMILY = "1,2";
			};
			name = Debug;
		};
		D827244E27E490F500F8CD29 /* Release */ = {
			isa = XCBuildConfiguration;
			buildSettings = {
				ASSETCATALOG_COMPILER_APPICON_NAME = AppIcon;
				ASSETCATALOG_COMPILER_GLOBAL_ACCENT_COLOR_NAME = AccentColor;
				CODE_SIGN_STYLE = Automatic;
				CURRENT_PROJECT_VERSION = 1;
				DEVELOPMENT_ASSET_PATHS = "\"TestCoreML/Preview Content\"";
				DEVELOPMENT_TEAM = H73D53UH2D;
				ENABLE_PREVIEWS = YES;
				GENERATE_INFOPLIST_FILE = YES;
				INFOPLIST_KEY_UIApplicationSceneManifest_Generation = YES;
				INFOPLIST_KEY_UIApplicationSupportsIndirectInputEvents = YES;
				INFOPLIST_KEY_UILaunchScreen_Generation = YES;
				INFOPLIST_KEY_UISupportedInterfaceOrientations_iPad = "UIInterfaceOrientationPortrait UIInterfaceOrientationPortraitUpsideDown UIInterfaceOrientationLandscapeLeft UIInterfaceOrientationLandscapeRight";
				INFOPLIST_KEY_UISupportedInterfaceOrientations_iPhone = "UIInterfaceOrientationPortrait UIInterfaceOrientationLandscapeLeft UIInterfaceOrientationLandscapeRight";
				IPHONEOS_DEPLOYMENT_TARGET = 14.0;
				LD_RUNPATH_SEARCH_PATHS = (
					"$(inherited)",
					"@executable_path/Frameworks",
				);
				MARKETING_VERSION = 1.0;
				PRODUCT_BUNDLE_IDENTIFIER = com.dhilip.TestCoreML;
				PRODUCT_NAME = "$(TARGET_NAME)";
				SWIFT_EMIT_LOC_STRINGS = YES;
				SWIFT_VERSION = 5.0;
				TARGETED_DEVICE_FAMILY = "1,2";
			};
			name = Release;
		};
/* End XCBuildConfiguration section */

/* Begin XCConfigurationList section */
		D827243927E490F500F8CD29 /* Build configuration list for PBXProject "TestCoreML" */ = {
			isa = XCConfigurationList;
			buildConfigurations = (
				D827244A27E490F500F8CD29 /* Debug */,
				D827244B27E490F500F8CD29 /* Release */,
			);
			defaultConfigurationIsVisible = 0;
			defaultConfigurationName = Release;
		};
		D827244C27E490F500F8CD29 /* Build configuration list for PBXNativeTarget "TestCoreML" */ = {
			isa = XCConfigurationList;
			buildConfigurations = (
				D827244D27E490F500F8CD29 /* Debug */,
				D827244E27E490F500F8CD29 /* Release */,
			);
			defaultConfigurationIsVisible = 0;
			defaultConfigurationName = Release;
		};
/* End XCConfigurationList section */
	};
	rootObject = D827243627E490F500F8CD29 /* Project object */;
}
